
Microsoft Visual Studio Solution File, Format Version 12.00
# Visual Studio Version 16
VisualStudioVersion = 16.0.29806.167
MinimumVisualStudioVersion = 10.0.40219.1
Project("{FAE04EC0-301F-11D3-BF4B-00C04F79EFBC}") = "FlutterApi", "FlutterApi\FlutterApi.csproj", "{285879AE-7DC4-4193-9069-75F05D04B2DF}"
EndProject
Project("{FAE04EC0-301F-11D3-BF4B-00C04F79EFBC}") = "Interfaces", "Interfaces\Interfaces.csproj", "{6B690737-161C-4903-B23C-383385AC1E38}"
EndProject
Project("{FAE04EC0-301F-11D3-BF4B-00C04F79EFBC}") = "Entities", "Entities\Entities.csproj", "{81E638F6-5F08-4084-AF81-6321CD293510}"
EndProject
Project("{FAE04EC0-301F-11D3-BF4B-00C04F79EFBC}") = "Dal", "Dal\Dal.csproj", "{C02D3D24-F62E-41A8-B333-6F79620CEDB4}"
EndProject
Project("{FAE04EC0-301F-11D3-BF4B-00C04F79EFBC}") = "Business", "Business\Business.csproj", "{75E4D677-E925-4532-8A67-4B2829FEE8CB}"
EndProject
Global
	GlobalSection(SolutionConfigurationPlatforms) = preSolution
		Debug|Any CPU = Debug|Any CPU
		Release|Any CPU = Release|Any CPU
	EndGlobalSection
	GlobalSection(ProjectConfigurationPlatforms) = postSolution
		{285879AE-7DC4-4193-9069-75F05D04B2DF}.Debug|Any CPU.ActiveCfg = Debug|Any CPU
		{285879AE-7DC4-4193-9069-75F05D04B2DF}.Debug|Any CPU.Build.0 = Debug|Any CPU
		{285879AE-7DC4-4193-9069-75F05D04B2DF}.Release|Any CPU.ActiveCfg = Release|Any CPU
		{285879AE-7DC4-4193-9069-75F05D04B2DF}.Release|Any CPU.Build.0 = Release|Any CPU
		{6B690737-161C-4903-B23C-383385AC1E38}.Debug|Any CPU.ActiveCfg = Debug|Any CPU
		{6B690737-161C-4903-B23C-383385AC1E38}.Debug|Any CPU.Build.0 = Debug|Any CPU
		{6B690737-161C-4903-B23C-383385AC1E38}.Release|Any CPU.ActiveCfg = Release|Any CPU
		{6B690737-161C-4903-B23C-383385AC1E38}.Release|Any CPU.Build.0 = Release|Any CPU
		{81E638F6-5F08-4084-AF81-6321CD293510}.Debug|Any CPU.ActiveCfg = Debug|Any CPU
		{81E638F6-5F08-4084-AF81-6321CD293510}.Debug|Any CPU.Build.0 = Debug|Any CPU
		{81E638F6-5F08-4084-AF81-6321CD293510}.Release|Any CPU.ActiveCfg = Release|Any CPU
		{81E638F6-5F08-4084-AF81-6321CD293510}.Release|Any CPU.Build.0 = Release|Any CPU
		{C02D3D24-F62E-41A8-B333-6F79620CEDB4}.Debug|Any CPU.ActiveCfg = Debug|Any CPU
		{C02D3D24-F62E-41A8-B333-6F79620CEDB4}.Debug|Any CPU.Build.0 = Debug|Any CPU
		{C02D3D24-F62E-41A8-B333-6F79620CEDB4}.Release|Any CPU.ActiveCfg = Release|Any CPU
		{C02D3D24-F62E-41A8-B333-6F79620CEDB4}.Release|Any CPU.Build.0 = Release|Any CPU
		{75E4D677-E925-4532-8A67-4B2829FEE8CB}.Debug|Any CPU.ActiveCfg = Debug|Any CPU
		{75E4D677-E925-4532-8A67-4B2829FEE8CB}.Debug|Any CPU.Build.0 = Debug|Any CPU
		{75E4D677-E925-4532-8A67-4B2829FEE8CB}.Release|Any CPU.ActiveCfg = Release|Any CPU
		{75E4D677-E925-4532-8A67-4B2829FEE8CB}.Release|Any CPU.Build.0 = Release|Any CPU
	EndGlobalSection
	GlobalSection(SolutionProperties) = preSolution
		HideSolutionNode = FALSE
	EndGlobalSection
	GlobalSection(ExtensibilityGlobals) = postSolution
		SolutionGuid = {464CFA9C-3F42-4312-98E1-ECAD33E32963}
	EndGlobalSection
EndGlobal
